
Microsoft Visual Studio Solution File, Format Version 12.00
# Visual Studio 14
VisualStudioVersion = 14.0.25420.1
MinimumVisualStudioVersion = 10.0.40219.1
Project("{FAE04EC0-301F-11D3-BF4B-00C04F79EFBC}") = "s2a1ex2", "s2a1ex2\s2a1ex2.csproj", "{0188B696-1DCB-485D-B4F1-A9696C8FB2B3}"
EndProject
Global
	GlobalSection(SolutionConfigurationPlatforms) = preSolution
		Debug|Any CPU = Debug|Any CPU
		Release|Any CPU = Release|Any CPU
	EndGlobalSection
	GlobalSection(ProjectConfigurationPlatforms) = postSolution
		{0188B696-1DCB-485D-B4F1-A9696C8FB2B3}.Debug|Any CPU.ActiveCfg = Debug|Any CPU
		{0188B696-1DCB-485D-B4F1-A9696C8FB2B3}.Debug|Any CPU.Build.0 = Debug|Any CPU
		{0188B696-1DCB-485D-B4F1-A9696C8FB2B3}.Release|Any CPU.ActiveCfg = Release|Any CPU
		{0188B696-1DCB-485D-B4F1-A9696C8FB2B3}.Release|Any CPU.Build.0 = Release|Any CPU
	EndGlobalSection
	GlobalSection(SolutionProperties) = preSolution
		HideSolutionNode = FALSE
	EndGlobalSection
EndGlobal
